
Microsoft Visual Studio Solution File, Format Version 12.00
# Visual Studio 14
VisualStudioVersion = 14.0.25420.1
MinimumVisualStudioVersion = 10.0.40219.1
Project("{FAE04EC0-301F-11D3-BF4B-00C04F79EFBC}") = "NBL", "NBL\NBL.csproj", "{5C21721E-F928-4AE3-8E6A-78F2E2A3905F}"
EndProject
Project("{FAE04EC0-301F-11D3-BF4B-00C04F79EFBC}") = "NBL.Models", "NBL.Models\NBL.Models.csproj", "{572727B4-5AB4-4A58-A9C4-D3168BC93465}"
EndProject
Project("{FAE04EC0-301F-11D3-BF4B-00C04F79EFBC}") = "NBL.Contracts", "NBL.Contracts\NBL.Contracts.csproj", "{DF0062EA-9576-45DA-B78A-1CF256CA96FC}"
EndProject
Project("{FAE04EC0-301F-11D3-BF4B-00C04F79EFBC}") = "NBL.DAL", "NBL.DAL\NBL.DAL.csproj", "{701DC6EC-633C-411D-8E3A-D0A146C1BD85}"
EndProject
Project("{FAE04EC0-301F-11D3-BF4B-00C04F79EFBC}") = "NBL.BLL", "NBL.BLL\NBL.BLL.csproj", "{0DF413D7-065D-4525-B6FE-A91E6461817B}"
EndProject
Global
	GlobalSection(SolutionConfigurationPlatforms) = preSolution
		Debug|Any CPU = Debug|Any CPU
		Release|Any CPU = Release|Any CPU
	EndGlobalSection
	GlobalSection(ProjectConfigurationPlatforms) = postSolution
		{5C21721E-F928-4AE3-8E6A-78F2E2A3905F}.Debug|Any CPU.ActiveCfg = Debug|Any CPU
		{5C21721E-F928-4AE3-8E6A-78F2E2A3905F}.Debug|Any CPU.Build.0 = Debug|Any CPU
		{5C21721E-F928-4AE3-8E6A-78F2E2A3905F}.Release|Any CPU.ActiveCfg = Release|Any CPU
		{5C21721E-F928-4AE3-8E6A-78F2E2A3905F}.Release|Any CPU.Build.0 = Release|Any CPU
		{572727B4-5AB4-4A58-A9C4-D3168BC93465}.Debug|Any CPU.ActiveCfg = Debug|Any CPU
		{572727B4-5AB4-4A58-A9C4-D3168BC93465}.Debug|Any CPU.Build.0 = Debug|Any CPU
		{572727B4-5AB4-4A58-A9C4-D3168BC93465}.Release|Any CPU.ActiveCfg = Release|Any CPU
		{572727B4-5AB4-4A58-A9C4-D3168BC93465}.Release|Any CPU.Build.0 = Release|Any CPU
		{DF0062EA-9576-45DA-B78A-1CF256CA96FC}.Debug|Any CPU.ActiveCfg = Debug|Any CPU
		{DF0062EA-9576-45DA-B78A-1CF256CA96FC}.Debug|Any CPU.Build.0 = Debug|Any CPU
		{DF0062EA-9576-45DA-B78A-1CF256CA96FC}.Release|Any CPU.ActiveCfg = Release|Any CPU
		{DF0062EA-9576-45DA-B78A-1CF256CA96FC}.Release|Any CPU.Build.0 = Release|Any CPU
		{701DC6EC-633C-411D-8E3A-D0A146C1BD85}.Debug|Any CPU.ActiveCfg = Debug|Any CPU
		{701DC6EC-633C-411D-8E3A-D0A146C1BD85}.Debug|Any CPU.Build.0 = Debug|Any CPU
		{701DC6EC-633C-411D-8E3A-D0A146C1BD85}.Release|Any CPU.ActiveCfg = Release|Any CPU
		{701DC6EC-633C-411D-8E3A-D0A146C1BD85}.Release|Any CPU.Build.0 = Release|Any CPU
		{0DF413D7-065D-4525-B6FE-A91E6461817B}.Debug|Any CPU.ActiveCfg = Debug|Any CPU
		{0DF413D7-065D-4525-B6FE-A91E6461817B}.Debug|Any CPU.Build.0 = Debug|Any CPU
		{0DF413D7-065D-4525-B6FE-A91E6461817B}.Release|Any CPU.ActiveCfg = Release|Any CPU
		{0DF413D7-065D-4525-B6FE-A91E6461817B}.Release|Any CPU.Build.0 = Release|Any CPU
	EndGlobalSection
	GlobalSection(SolutionProperties) = preSolution
		HideSolutionNode = FALSE
	EndGlobalSection
EndGlobal
